
Microsoft Visual Studio Solution File, Format Version 12.00
# Visual Studio Version 17
VisualStudioVersion = 17.5.002.0
MinimumVisualStudioVersion = 10.0.40219.1
Project("{9A19103F-16F7-4668-BE54-9A1E7A4F7556}") = "MyRelationshipApp.API", "MyRelationshipApp.API.csproj", "{6603C307-D6C8-4FF8-A458-4C06FDEAF2D9}"
EndProject
Global
	GlobalSection(SolutionConfigurationPlatforms) = preSolution
		Debug|Any CPU = Debug|Any CPU
		Release|Any CPU = Release|Any CPU
	EndGlobalSection
	GlobalSection(ProjectConfigurationPlatforms) = postSolution
		{6603C307-D6C8-4FF8-A458-4C06FDEAF2D9}.Debug|Any CPU.ActiveCfg = Debug|Any CPU
		{6603C307-D6C8-4FF8-A458-4C06FDEAF2D9}.Debug|Any CPU.Build.0 = Debug|Any CPU
		{6603C307-D6C8-4FF8-A458-4C06FDEAF2D9}.Release|Any CPU.ActiveCfg = Release|Any CPU
		{6603C307-D6C8-4FF8-A458-4C06FDEAF2D9}.Release|Any CPU.Build.0 = Release|Any CPU
	EndGlobalSection
	GlobalSection(SolutionProperties) = preSolution
		HideSolutionNode = FALSE
	EndGlobalSection
	GlobalSection(ExtensibilityGlobals) = postSolution
		SolutionGuid = {9519FC2E-0701-4B19-B89D-987F73F8A187}
	EndGlobalSection
EndGlobal
